
Microsoft Visual Studio Solution File, Format Version 12.00
# Visual Studio Version 16
VisualStudioVersion = 16.0.30413.136
MinimumVisualStudioVersion = 10.0.40219.1
Project("{FAE04EC0-301F-11D3-BF4B-00C04F79EFBC}") = "DataAccessLibrary", "DataAccessLibrary\DataAccessLibrary.csproj", "{817867CC-DA47-408A-B797-FAA6E2E869D1}"
EndProject
Project("{FAE04EC0-301F-11D3-BF4B-00C04F79EFBC}") = "DALTest", "DALTest\DALTest.csproj", "{A4E5287E-09B1-4F9D-A45D-746B11D841A9}"
EndProject
Global
	GlobalSection(SolutionConfigurationPlatforms) = preSolution
		Debug|Any CPU = Debug|Any CPU
		Release|Any CPU = Release|Any CPU
	EndGlobalSection
	GlobalSection(ProjectConfigurationPlatforms) = postSolution
		{817867CC-DA47-408A-B797-FAA6E2E869D1}.Debug|Any CPU.ActiveCfg = Debug|Any CPU
		{817867CC-DA47-408A-B797-FAA6E2E869D1}.Debug|Any CPU.Build.0 = Debug|Any CPU
		{817867CC-DA47-408A-B797-FAA6E2E869D1}.Release|Any CPU.ActiveCfg = Release|Any CPU
		{817867CC-DA47-408A-B797-FAA6E2E869D1}.Release|Any CPU.Build.0 = Release|Any CPU
		{A4E5287E-09B1-4F9D-A45D-746B11D841A9}.Debug|Any CPU.ActiveCfg = Debug|Any CPU
		{A4E5287E-09B1-4F9D-A45D-746B11D841A9}.Debug|Any CPU.Build.0 = Debug|Any CPU
		{A4E5287E-09B1-4F9D-A45D-746B11D841A9}.Release|Any CPU.ActiveCfg = Release|Any CPU
		{A4E5287E-09B1-4F9D-A45D-746B11D841A9}.Release|Any CPU.Build.0 = Release|Any CPU
	EndGlobalSection
	GlobalSection(SolutionProperties) = preSolution
		HideSolutionNode = FALSE
	EndGlobalSection
	GlobalSection(ExtensibilityGlobals) = postSolution
		SolutionGuid = {79F26A97-12F0-4F1D-80F0-7F45BAA5D738}
	EndGlobalSection
EndGlobal
